
Microsoft Visual Studio Solution File, Format Version 12.00
# Visual Studio Version 16
VisualStudioVersion = 16.0.30523.141
MinimumVisualStudioVersion = 10.0.40219.1
Project("{8BC9CEB8-8B4A-11D0-8D11-00A0C91BC942}") = "lab6.4(2)", "lab6.4(2)\lab6.4(2).vcxproj", "{E4BA8E63-8232-424C-BB55-ACD0CE9AB83C}"
EndProject
Global
	GlobalSection(SolutionConfigurationPlatforms) = preSolution
		Debug|x64 = Debug|x64
		Debug|x86 = Debug|x86
		Release|x64 = Release|x64
		Release|x86 = Release|x86
	EndGlobalSection
	GlobalSection(ProjectConfigurationPlatforms) = postSolution
		{E4BA8E63-8232-424C-BB55-ACD0CE9AB83C}.Debug|x64.ActiveCfg = Debug|x64
		{E4BA8E63-8232-424C-BB55-ACD0CE9AB83C}.Debug|x64.Build.0 = Debug|x64
		{E4BA8E63-8232-424C-BB55-ACD0CE9AB83C}.Debug|x86.ActiveCfg = Debug|Win32
		{E4BA8E63-8232-424C-BB55-ACD0CE9AB83C}.Debug|x86.Build.0 = Debug|Win32
		{E4BA8E63-8232-424C-BB55-ACD0CE9AB83C}.Release|x64.ActiveCfg = Release|x64
		{E4BA8E63-8232-424C-BB55-ACD0CE9AB83C}.Release|x64.Build.0 = Release|x64
		{E4BA8E63-8232-424C-BB55-ACD0CE9AB83C}.Release|x86.ActiveCfg = Release|Win32
		{E4BA8E63-8232-424C-BB55-ACD0CE9AB83C}.Release|x86.Build.0 = Release|Win32
	EndGlobalSection
	GlobalSection(SolutionProperties) = preSolution
		HideSolutionNode = FALSE
	EndGlobalSection
	GlobalSection(ExtensibilityGlobals) = postSolution
		SolutionGuid = {C74017F3-A0C9-4062-AED9-896DAD360429}
	EndGlobalSection
EndGlobal
